// !$*UTF8*$!
{
	archiveVersion = 1;
	classes = {
	};
	objectVersion = 55;
	objects = {

/* Begin PBXBuildFile section */
		432BD49A29B202DD00F1A30C /* MusicByLocationApp.swift in Sources */ = {isa = PBXBuildFile; fileRef = 432BD49929B202DD00F1A30C /* MusicByLocationApp.swift */; };
		432BD49C29B202DD00F1A30C /* ContentView.swift in Sources */ = {isa = PBXBuildFile; fileRef = 432BD49B29B202DD00F1A30C /* ContentView.swift */; };
		432BD49E29B202DF00F1A30C /* Assets.xcassets in Resources */ = {isa = PBXBuildFile; fileRef = 432BD49D29B202DF00F1A30C /* Assets.xcassets */; };
		432BD4A129B202DF00F1A30C /* Preview Assets.xcassets in Resources */ = {isa = PBXBuildFile; fileRef = 432BD4A029B202DF00F1A30C /* Preview Assets.xcassets */; };
		432BD4AB29B202E000F1A30C /* MusicByLocationTests.swift in Sources */ = {isa = PBXBuildFile; fileRef = 432BD4AA29B202E000F1A30C /* MusicByLocationTests.swift */; };
		432BD4B529B202E000F1A30C /* MusicByLocationUITests.swift in Sources */ = {isa = PBXBuildFile; fileRef = 432BD4B429B202E000F1A30C /* MusicByLocationUITests.swift */; };
		432BD4B729B202E000F1A30C /* MusicByLocationUITestsLaunchTests.swift in Sources */ = {isa = PBXBuildFile; fileRef = 432BD4B629B202E000F1A30C /* MusicByLocationUITestsLaunchTests.swift */; };
		432BD4C429B205B900F1A30C /* LocationHandler.swift in Sources */ = {isa = PBXBuildFile; fileRef = 432BD4C329B205B900F1A30C /* LocationHandler.swift */; };
		43E03AB929B52B3C001E75E5 /* CLPlacemark.swift in Sources */ = {isa = PBXBuildFile; fileRef = 43E03AB829B52B3C001E75E5 /* CLPlacemark.swift */; };
		43E03ABD29B53469001E75E5 /* StateController.swift in Sources */ = {isa = PBXBuildFile; fileRef = 43E03ABC29B53469001E75E5 /* StateController.swift */; };
		43E03AC029B5477B001E75E5 /* ArtistResponse.swift in Sources */ = {isa = PBXBuildFile; fileRef = 43E03ABF29B5477B001E75E5 /* ArtistResponse.swift */; };
		43E03AC229B547B7001E75E5 /* Artist.swift in Sources */ = {isa = PBXBuildFile; fileRef = 43E03AC129B547B7001E75E5 /* Artist.swift */; };
		43FFCEEF29C10A2F0073F78F /* ITunesAdaptor.swift in Sources */ = {isa = PBXBuildFile; fileRef = 43FFCEEE29C10A2F0073F78F /* ITunesAdaptor.swift */; };
/* End PBXBuildFile section */

/* Begin PBXContainerItemProxy section */
		432BD4A729B202E000F1A30C /* PBXContainerItemProxy */ = {
			isa = PBXContainerItemProxy;
			containerPortal = 432BD48E29B202DD00F1A30C /* Project object */;
			proxyType = 1;
			remoteGlobalIDString = 432BD49529B202DD00F1A30C;
			remoteInfo = MusicByLocation;
		};
		432BD4B129B202E000F1A30C /* PBXContainerItemProxy */ = {
			isa = PBXContainerItemProxy;
			containerPortal = 432BD48E29B202DD00F1A30C /* Project object */;
			proxyType = 1;
			remoteGlobalIDString = 432BD49529B202DD00F1A30C;
			remoteInfo = MusicByLocation;
		};
/* End PBXContainerItemProxy section */

/* Begin PBXFileReference section */
		432BD49629B202DD00F1A30C /* MusicByLocation.app */ = {isa = PBXFileReference; explicitFileType = wrapper.application; includeInIndex = 0; path = MusicByLocation.app; sourceTree = BUILT_PRODUCTS_DIR; };
		432BD49929B202DD00F1A30C /* MusicByLocationApp.swift */ = {isa = PBXFileReference; lastKnownFileType = sourcecode.swift; path = MusicByLocationApp.swift; sourceTree = "<group>"; };
		432BD49B29B202DD00F1A30C /* ContentView.swift */ = {isa = PBXFileReference; lastKnownFileType = sourcecode.swift; path = ContentView.swift; sourceTree = "<group>"; };
		432BD49D29B202DF00F1A30C /* Assets.xcassets */ = {isa = PBXFileReference; lastKnownFileType = folder.assetcatalog; path = Assets.xcassets; sourceTree = "<group>"; };
		432BD4A029B202DF00F1A30C /* Preview Assets.xcassets */ = {isa = PBXFileReference; lastKnownFileType = folder.assetcatalog; path = "Preview Assets.xcassets"; sourceTree = "<group>"; };
		432BD4A629B202E000F1A30C /* MusicByLocationTests.xctest */ = {isa = PBXFileReference; explicitFileType = wrapper.cfbundle; includeInIndex = 0; path = MusicByLocationTests.xctest; sourceTree = BUILT_PRODUCTS_DIR; };
		432BD4AA29B202E000F1A30C /* MusicByLocationTests.swift */ = {isa = PBXFileReference; lastKnownFileType = sourcecode.swift; path = MusicByLocationTests.swift; sourceTree = "<group>"; };
		432BD4B029B202E000F1A30C /* MusicByLocationUITests.xctest */ = {isa = PBXFileReference; explicitFileType = wrapper.cfbundle; includeInIndex = 0; path = MusicByLocationUITests.xctest; sourceTree = BUILT_PRODUCTS_DIR; };
		432BD4B429B202E000F1A30C /* MusicByLocationUITests.swift */ = {isa = PBXFileReference; lastKnownFileType = sourcecode.swift; path = MusicByLocationUITests.swift; sourceTree = "<group>"; };
		432BD4B629B202E000F1A30C /* MusicByLocationUITestsLaunchTests.swift */ = {isa = PBXFileReference; lastKnownFileType = sourcecode.swift; path = MusicByLocationUITestsLaunchTests.swift; sourceTree = "<group>"; };
		432BD4C329B205B900F1A30C /* LocationHandler.swift */ = {isa = PBXFileReference; lastKnownFileType = sourcecode.swift; path = LocationHandler.swift; sourceTree = "<group>"; };
		43E03AB829B52B3C001E75E5 /* CLPlacemark.swift */ = {isa = PBXFileReference; lastKnownFileType = sourcecode.swift; path = CLPlacemark.swift; sourceTree = "<group>"; };
		43E03ABC29B53469001E75E5 /* StateController.swift */ = {isa = PBXFileReference; lastKnownFileType = sourcecode.swift; path = StateController.swift; sourceTree = "<group>"; };
		43E03ABF29B5477B001E75E5 /* ArtistResponse.swift */ = {isa = PBXFileReference; lastKnownFileType = sourcecode.swift; path = ArtistResponse.swift; sourceTree = "<group>"; };
		43E03AC129B547B7001E75E5 /* Artist.swift */ = {isa = PBXFileReference; lastKnownFileType = sourcecode.swift; path = Artist.swift; sourceTree = "<group>"; };
		43FFCEEE29C10A2F0073F78F /* ITunesAdaptor.swift */ = {isa = PBXFileReference; lastKnownFileType = sourcecode.swift; path = ITunesAdaptor.swift; sourceTree = "<group>"; };
/* End PBXFileReference section */

/* Begin PBXFrameworksBuildPhase section */
		432BD49329B202DD00F1A30C /* Frameworks */ = {
			isa = PBXFrameworksBuildPhase;
			buildActionMask = 2147483647;
			files = (
			);
			runOnlyForDeploymentPostprocessing = 0;
		};
		432BD4A329B202E000F1A30C /* Frameworks */ = {
			isa = PBXFrameworksBuildPhase;
			buildActionMask = 2147483647;
			files = (
			);
			runOnlyForDeploymentPostprocessing = 0;
		};
		432BD4AD29B202E000F1A30C /* Frameworks */ = {
			isa = PBXFrameworksBuildPhase;
			buildActionMask = 2147483647;
			files = (
			);
			runOnlyForDeploymentPostprocessing = 0;
		};
/* End PBXFrameworksBuildPhase section */

/* Begin PBXGroup section */
		432BD48D29B202DD00F1A30C = {
			isa = PBXGroup;
			children = (
				432BD49829B202DD00F1A30C /* MusicByLocation */,
				432BD4A929B202E000F1A30C /* MusicByLocationTests */,
				432BD4B329B202E000F1A30C /* MusicByLocationUITests */,
				432BD49729B202DD00F1A30C /* Products */,
			);
			sourceTree = "<group>";
		};
		432BD49729B202DD00F1A30C /* Products */ = {
			isa = PBXGroup;
			children = (
				432BD49629B202DD00F1A30C /* MusicByLocation.app */,
				432BD4A629B202E000F1A30C /* MusicByLocationTests.xctest */,
				432BD4B029B202E000F1A30C /* MusicByLocationUITests.xctest */,
			);
			name = Products;
			sourceTree = "<group>";
		};
		432BD49829B202DD00F1A30C /* MusicByLocation */ = {
			isa = PBXGroup;
			children = (
				43E03ABE29B54763001E75E5 /* Model */,
				43E03AB829B52B3C001E75E5 /* CLPlacemark.swift */,
				432BD49929B202DD00F1A30C /* MusicByLocationApp.swift */,
				432BD49B29B202DD00F1A30C /* ContentView.swift */,
				432BD49D29B202DF00F1A30C /* Assets.xcassets */,
				432BD49F29B202DF00F1A30C /* Preview Content */,
				432BD4C329B205B900F1A30C /* LocationHandler.swift */,
				43E03ABC29B53469001E75E5 /* StateController.swift */,
				43FFCEEE29C10A2F0073F78F /* ITunesAdaptor.swift */,
			);
			path = MusicByLocation;
			sourceTree = "<group>";
		};
		432BD49F29B202DF00F1A30C /* Preview Content */ = {
			isa = PBXGroup;
			children = (
				432BD4A029B202DF00F1A30C /* Preview Assets.xcassets */,
			);
			path = "Preview Content";
			sourceTree = "<group>";
		};
		432BD4A929B202E000F1A30C /* MusicByLocationTests */ = {
			isa = PBXGroup;
			children = (
				432BD4AA29B202E000F1A30C /* MusicByLocationTests.swift */,
			);
			path = MusicByLocationTests;
			sourceTree = "<group>";
		};
		432BD4B329B202E000F1A30C /* MusicByLocationUITests */ = {
			isa = PBXGroup;
			children = (
				432BD4B429B202E000F1A30C /* MusicByLocationUITests.swift */,
				432BD4B629B202E000F1A30C /* MusicByLocationUITestsLaunchTests.swift */,
			);
			path = MusicByLocationUITests;
			sourceTree = "<group>";
		};
		43E03ABE29B54763001E75E5 /* Model */ = {
			isa = PBXGroup;
			children = (
				43E03ABF29B5477B001E75E5 /* ArtistResponse.swift */,
				43E03AC129B547B7001E75E5 /* Artist.swift */,
			);
			path = Model;
			sourceTree = "<group>";
		};
/* End PBXGroup section */

/* Begin PBXNativeTarget section */
		432BD49529B202DD00F1A30C /* MusicByLocation */ = {
			isa = PBXNativeTarget;
			buildConfigurationList = 432BD4BA29B202E000F1A30C /* Build configuration list for PBXNativeTarget "MusicByLocation" */;
			buildPhases = (
				432BD49229B202DD00F1A30C /* Sources */,
				432BD49329B202DD00F1A30C /* Frameworks */,
				432BD49429B202DD00F1A30C /* Resources */,
			);
			buildRules = (
			);
			dependencies = (
			);
			name = MusicByLocation;
			productName = MusicByLocation;
			productReference = 432BD49629B202DD00F1A30C /* MusicByLocation.app */;
			productType = "com.apple.product-type.application";
		};
		432BD4A529B202E000F1A30C /* MusicByLocationTests */ = {
			isa = PBXNativeTarget;
			buildConfigurationList = 432BD4BD29B202E000F1A30C /* Build configuration list for PBXNativeTarget "MusicByLocationTests" */;
			buildPhases = (
				432BD4A229B202E000F1A30C /* Sources */,
				432BD4A329B202E000F1A30C /* Frameworks */,
				432BD4A429B202E000F1A30C /* Resources */,
			);
			buildRules = (
			);
			dependencies = (
				432BD4A829B202E000F1A30C /* PBXTargetDependency */,
			);
			name = MusicByLocationTests;
			productName = MusicByLocationTests;
			productReference = 432BD4A629B202E000F1A30C /* MusicByLocationTests.xctest */;
			productType = "com.apple.product-type.bundle.unit-test";
		};
		432BD4AF29B202E000F1A30C /* MusicByLocationUITests */ = {
			isa = PBXNativeTarget;
			buildConfigurationList = 432BD4C029B202E000F1A30C /* Build configuration list for PBXNativeTarget "MusicByLocationUITests" */;
			buildPhases = (
				432BD4AC29B202E000F1A30C /* Sources */,
				432BD4AD29B202E000F1A30C /* Frameworks */,
				432BD4AE29B202E000F1A30C /* Resources */,
			);
			buildRules = (
			);
			dependencies = (
				432BD4B229B202E000F1A30C /* PBXTargetDependency */,
			);
			name = MusicByLocationUITests;
			productName = MusicByLocationUITests;
			productReference = 432BD4B029B202E000F1A30C /* MusicByLocationUITests.xctest */;
			productType = "com.apple.product-type.bundle.ui-testing";
		};
/* End PBXNativeTarget section */

/* Begin PBXProject section */
		432BD48E29B202DD00F1A30C /* Project object */ = {
			isa = PBXProject;
			attributes = {
				BuildIndependentTargetsInParallel = 1;
				LastSwiftUpdateCheck = 1320;
				LastUpgradeCheck = 1320;
				TargetAttributes = {
					432BD49529B202DD00F1A30C = {
						CreatedOnToolsVersion = 13.2.1;
					};
					432BD4A529B202E000F1A30C = {
						CreatedOnToolsVersion = 13.2.1;
						TestTargetID = 432BD49529B202DD00F1A30C;
					};
					432BD4AF29B202E000F1A30C = {
						CreatedOnToolsVersion = 13.2.1;
						TestTargetID = 432BD49529B202DD00F1A30C;
					};
				};
			};
			buildConfigurationList = 432BD49129B202DD00F1A30C /* Build configuration list for PBXProject "MusicByLocation" */;
			compatibilityVersion = "Xcode 13.0";
			developmentRegion = en;
			hasScannedForEncodings = 0;
			knownRegions = (
				en,
				Base,
			);
			mainGroup = 432BD48D29B202DD00F1A30C;
			productRefGroup = 432BD49729B202DD00F1A30C /* Products */;
			projectDirPath = "";
			projectRoot = "";
			targets = (
				432BD49529B202DD00F1A30C /* MusicByLocation */,
				432BD4A529B202E000F1A30C /* MusicByLocationTests */,
				432BD4AF29B202E000F1A30C /* MusicByLocationUITests */,
			);
		};
/* End PBXProject section */

/* Begin PBXResourcesBuildPhase section */
		432BD49429B202DD00F1A30C /* Resources */ = {
			isa = PBXResourcesBuildPhase;
			buildActionMask = 2147483647;
			files = (
				432BD4A129B202DF00F1A30C /* Preview Assets.xcassets in Resources */,
				432BD49E29B202DF00F1A30C /* Assets.xcassets in Resources */,
			);
			runOnlyForDeploymentPostprocessing = 0;
		};
		432BD4A429B202E000F1A30C /* Resources */ = {
			isa = PBXResourcesBuildPhase;
			buildActionMask = 2147483647;
			files = (
			);
			runOnlyForDeploymentPostprocessing = 0;
		};
		432BD4AE29B202E000F1A30C /* Resources */ = {
			isa = PBXResourcesBuildPhase;
			buildActionMask = 2147483647;
			files = (
			);
			runOnlyForDeploymentPostprocessing = 0;
		};
/* End PBXResourcesBuildPhase section */

/* Begin PBXSourcesBuildPhase section */
		432BD49229B202DD00F1A30C /* Sources */ = {
			isa = PBXSourcesBuildPhase;
			buildActionMask = 2147483647;
			files = (
				432BD4C429B205B900F1A30C /* LocationHandler.swift in Sources */,
				43FFCEEF29C10A2F0073F78F /* ITunesAdaptor.swift in Sources */,
				432BD49C29B202DD00F1A30C /* ContentView.swift in Sources */,
				432BD49A29B202DD00F1A30C /* MusicByLocationApp.swift in Sources */,
				43E03AB929B52B3C001E75E5 /* CLPlacemark.swift in Sources */,
				43E03ABD29B53469001E75E5 /* StateController.swift in Sources */,
				43E03AC029B5477B001E75E5 /* ArtistResponse.swift in Sources */,
				43E03AC229B547B7001E75E5 /* Artist.swift in Sources */,
			);
			runOnlyForDeploymentPostprocessing = 0;
		};
		432BD4A229B202E000F1A30C /* Sources */ = {
			isa = PBXSourcesBuildPhase;
			buildActionMask = 2147483647;
			files = (
				432BD4AB29B202E000F1A30C /* MusicByLocationTests.swift in Sources */,
			);
			runOnlyForDeploymentPostprocessing = 0;
		};
		432BD4AC29B202E000F1A30C /* Sources */ = {
			isa = PBXSourcesBuildPhase;
			buildActionMask = 2147483647;
			files = (
				432BD4B729B202E000F1A30C /* MusicByLocationUITestsLaunchTests.swift in Sources */,
				432BD4B529B202E000F1A30C /* MusicByLocationUITests.swift in Sources */,
			);
			runOnlyForDeploymentPostprocessing = 0;
		};
/* End PBXSourcesBuildPhase section */

/* Begin PBXTargetDependency section */
		432BD4A829B202E000F1A30C /* PBXTargetDependency */ = {
			isa = PBXTargetDependency;
			target = 432BD49529B202DD00F1A30C /* MusicByLocation */;
			targetProxy = 432BD4A729B202E000F1A30C /* PBXContainerItemProxy */;
		};
		432BD4B229B202E000F1A30C /* PBXTargetDependency */ = {
			isa = PBXTargetDependency;
			target = 432BD49529B202DD00F1A30C /* MusicByLocation */;
			targetProxy = 432BD4B129B202E000F1A30C /* PBXContainerItemProxy */;
		};
/* End PBXTargetDependency section */

/* Begin XCBuildConfiguration section */
		432BD4B829B202E000F1A30C /* Debug */ = {
			isa = XCBuildConfiguration;
			buildSettings = {
				ALWAYS_SEARCH_USER_PATHS = NO;
				CLANG_ANALYZER_NONNULL = YES;
				CLANG_ANALYZER_NUMBER_OBJECT_CONVERSION = YES_AGGRESSIVE;
				CLANG_CXX_LANGUAGE_STANDARD = "gnu++17";
				CLANG_CXX_LIBRARY = "libc++";
				CLANG_ENABLE_MODULES = YES;
				CLANG_ENABLE_OBJC_ARC = YES;
				CLANG_ENABLE_OBJC_WEAK = YES;
				CLANG_WARN_BLOCK_CAPTURE_AUTORELEASING = YES;
				CLANG_WARN_BOOL_CONVERSION = YES;
				CLANG_WARN_COMMA = YES;
				CLANG_WARN_CONSTANT_CONVERSION = YES;
				CLANG_WARN_DEPRECATED_OBJC_IMPLEMENTATIONS = YES;
				CLANG_WARN_DIRECT_OBJC_ISA_USAGE = YES_ERROR;
				CLANG_WARN_DOCUMENTATION_COMMENTS = YES;
				CLANG_WARN_EMPTY_BODY = YES;
				CLANG_WARN_ENUM_CONVERSION = YES;
				CLANG_WARN_INFINITE_RECURSION = YES;
				CLANG_WARN_INT_CONVERSION = YES;
				CLANG_WARN_NON_LITERAL_NULL_CONVERSION = YES;
				CLANG_WARN_OBJC_IMPLICIT_RETAIN_SELF = YES;
				CLANG_WARN_OBJC_LITERAL_CONVERSION = YES;
				CLANG_WARN_OBJC_ROOT_CLASS = YES_ERROR;
				CLANG_WARN_QUOTED_INCLUDE_IN_FRAMEWORK_HEADER = YES;
				CLANG_WARN_RANGE_LOOP_ANALYSIS = YES;
				CLANG_WARN_STRICT_PROTOTYPES = YES;
				CLANG_WARN_SUSPICIOUS_MOVE = YES;
				CLANG_WARN_UNGUARDED_AVAILABILITY = YES_AGGRESSIVE;
				CLANG_WARN_UNREACHABLE_CODE = YES;
				CLANG_WARN__DUPLICATE_METHOD_MATCH = YES;
				COPY_PHASE_STRIP = NO;
				DEBUG_INFORMATION_FORMAT = dwarf;
				ENABLE_STRICT_OBJC_MSGSEND = YES;
				ENABLE_TESTABILITY = YES;
				GCC_C_LANGUAGE_STANDARD = gnu11;
				GCC_DYNAMIC_NO_PIC = NO;
				GCC_NO_COMMON_BLOCKS = YES;
				GCC_OPTIMIZATION_LEVEL = 0;
				GCC_PREPROCESSOR_DEFINITIONS = (
					"DEBUG=1",
					"$(inherited)",
				);
				GCC_WARN_64_TO_32_BIT_CONVERSION = YES;
				GCC_WARN_ABOUT_RETURN_TYPE = YES_ERROR;
				GCC_WARN_UNDECLARED_SELECTOR = YES;
				GCC_WARN_UNINITIALIZED_AUTOS = YES_AGGRESSIVE;
				GCC_WARN_UNUSED_FUNCTION = YES;
				GCC_WARN_UNUSED_VARIABLE = YES;
				IPHONEOS_DEPLOYMENT_TARGET = 15.2;
				MTL_ENABLE_DEBUG_INFO = INCLUDE_SOURCE;
				MTL_FAST_MATH = YES;
				ONLY_ACTIVE_ARCH = YES;
				SDKROOT = iphoneos;
				SWIFT_ACTIVE_COMPILATION_CONDITIONS = DEBUG;
				SWIFT_OPTIMIZATION_LEVEL = "-Onone";
			};
			name = Debug;
		};
		432BD4B929B202E000F1A30C /* Release */ = {
			isa = XCBuildConfiguration;
			buildSettings = {
				ALWAYS_SEARCH_USER_PATHS = NO;
				CLANG_ANALYZER_NONNULL = YES;
				CLANG_ANALYZER_NUMBER_OBJECT_CONVERSION = YES_AGGRESSIVE;
				CLANG_CXX_LANGUAGE_STANDARD = "gnu++17";
				CLANG_CXX_LIBRARY = "libc++";
				CLANG_ENABLE_MODULES = YES;
				CLANG_ENABLE_OBJC_ARC = YES;
				CLANG_ENABLE_OBJC_WEAK = YES;
				CLANG_WARN_BLOCK_CAPTURE_AUTORELEASING = YES;
				CLANG_WARN_BOOL_CONVERSION = YES;
				CLANG_WARN_COMMA = YES;
				CLANG_WARN_CONSTANT_CONVERSION = YES;
				CLANG_WARN_DEPRECATED_OBJC_IMPLEMENTATIONS = YES;
				CLANG_WARN_DIRECT_OBJC_ISA_USAGE = YES_ERROR;
				CLANG_WARN_DOCUMENTATION_COMMENTS = YES;
				CLANG_WARN_EMPTY_BODY = YES;
				CLANG_WARN_ENUM_CONVERSION = YES;
				CLANG_WARN_INFINITE_RECURSION = YES;
				CLANG_WARN_INT_CONVERSION = YES;
				CLANG_WARN_NON_LITERAL_NULL_CONVERSION = YES;
				CLANG_WARN_OBJC_IMPLICIT_RETAIN_SELF = YES;
				CLANG_WARN_OBJC_LITERAL_CONVERSION = YES;
				CLANG_WARN_OBJC_ROOT_CLASS = YES_ERROR;
				CLANG_WARN_QUOTED_INCLUDE_IN_FRAMEWORK_HEADER = YES;
				CLANG_WARN_RANGE_LOOP_ANALYSIS = YES;
				CLANG_WARN_STRICT_PROTOTYPES = YES;
				CLANG_WARN_SUSPICIOUS_MOVE = YES;
				CLANG_WARN_UNGUARDED_AVAILABILITY = YES_AGGRESSIVE;
				CLANG_WARN_UNREACHABLE_CODE = YES;
				CLANG_WARN__DUPLICATE_METHOD_MATCH = YES;
				COPY_PHASE_STRIP = NO;
				DEBUG_INFORMATION_FORMAT = "dwarf-with-dsym";
				ENABLE_NS_ASSERTIONS = NO;
				ENABLE_STRICT_OBJC_MSGSEND = YES;
				GCC_C_LANGUAGE_STANDARD = gnu11;
				GCC_NO_COMMON_BLOCKS = YES;
				GCC_WARN_64_TO_32_BIT_CONVERSION = YES;
				GCC_WARN_ABOUT_RETURN_TYPE = YES_ERROR;
				GCC_WARN_UNDECLARED_SELECTOR = YES;
				GCC_WARN_UNINITIALIZED_AUTOS = YES_AGGRESSIVE;
				GCC_WARN_UNUSED_FUNCTION = YES;
				GCC_WARN_UNUSED_VARIABLE = YES;
				IPHONEOS_DEPLOYMENT_TARGET = 15.2;
				MTL_ENABLE_DEBUG_INFO = NO;
				MTL_FAST_MATH = YES;
				SDKROOT = iphoneos;
				SWIFT_COMPILATION_MODE = wholemodule;
				SWIFT_OPTIMIZATION_LEVEL = "-O";
				VALIDATE_PRODUCT = YES;
			};
			name = Release;
		};
		432BD4BB29B202E000F1A30C /* Debug */ = {
			isa = XCBuildConfiguration;
			buildSettings = {
				ASSETCATALOG_COMPILER_APPICON_NAME = AppIcon;
				ASSETCATALOG_COMPILER_GLOBAL_ACCENT_COLOR_NAME = AccentColor;
				CODE_SIGN_STYLE = Automatic;
				CURRENT_PROJECT_VERSION = 1;
				DEVELOPMENT_ASSET_PATHS = "\"MusicByLocation/Preview Content\"";
				ENABLE_PREVIEWS = YES;
				GENERATE_INFOPLIST_FILE = YES;
				INFOPLIST_KEY_NSLocationWhenInUseUsageDescription = "";
				INFOPLIST_KEY_UIApplicationSceneManifest_Generation = YES;
				INFOPLIST_KEY_UIApplicationSupportsIndirectInputEvents = YES;
				INFOPLIST_KEY_UILaunchScreen_Generation = YES;
				INFOPLIST_KEY_UISupportedInterfaceOrientations_iPad = "UIInterfaceOrientationPortrait UIInterfaceOrientationPortraitUpsideDown UIInterfaceOrientationLandscapeLeft UIInterfaceOrientationLandscapeRight";
				INFOPLIST_KEY_UISupportedInterfaceOrientations_iPhone = "UIInterfaceOrientationPortrait UIInterfaceOrientationLandscapeLeft UIInterfaceOrientationLandscapeRight";
				LD_RUNPATH_SEARCH_PATHS = (
					"$(inherited)",
					"@executable_path/Frameworks",
				);
				MARKETING_VERSION = 1.0;
				PRODUCT_BUNDLE_IDENTIFIER = com.IvanKorniienko2.MusicByLocation;
				PRODUCT_NAME = "$(TARGET_NAME)";
				SWIFT_EMIT_LOC_STRINGS = YES;
				SWIFT_VERSION = 5.0;
				TARGETED_DEVICE_FAMILY = "1,2";
			};
			name = Debug;
		};
		432BD4BC29B202E000F1A30C /* Release */ = {
			isa = XCBuildConfiguration;
			buildSettings = {
				ASSETCATALOG_COMPILER_APPICON_NAME = AppIcon;
				ASSETCATALOG_COMPILER_GLOBAL_ACCENT_COLOR_NAME = AccentColor;
				CODE_SIGN_STYLE = Automatic;
				CURRENT_PROJECT_VERSION = 1;
				DEVELOPMENT_ASSET_PATHS = "\"MusicByLocation/Preview Content\"";
				ENABLE_PREVIEWS = YES;
				GENERATE_INFOPLIST_FILE = YES;
				INFOPLIST_KEY_NSLocationWhenInUseUsageDescription = "";
				INFOPLIST_KEY_UIApplicationSceneManifest_Generation = YES;
				INFOPLIST_KEY_UIApplicationSupportsIndirectInputEvents = YES;
				INFOPLIST_KEY_UILaunchScreen_Generation = YES;
				INFOPLIST_KEY_UISupportedInterfaceOrientations_iPad = "UIInterfaceOrientationPortrait UIInterfaceOrientationPortraitUpsideDown UIInterfaceOrientationLandscapeLeft UIInterfaceOrientationLandscapeRight";
				INFOPLIST_KEY_UISupportedInterfaceOrientations_iPhone = "UIInterfaceOrientationPortrait UIInterfaceOrientationLandscapeLeft UIInterfaceOrientationLandscapeRight";
				LD_RUNPATH_SEARCH_PATHS = (
					"$(inherited)",
					"@executable_path/Frameworks",
				);
				MARKETING_VERSION = 1.0;
				PRODUCT_BUNDLE_IDENTIFIER = com.IvanKorniienko2.MusicByLocation;
				PRODUCT_NAME = "$(TARGET_NAME)";
				SWIFT_EMIT_LOC_STRINGS = YES;
				SWIFT_VERSION = 5.0;
				TARGETED_DEVICE_FAMILY = "1,2";
			};
			name = Release;
		};
		432BD4BE29B202E000F1A30C /* Debug */ = {
			isa = XCBuildConfiguration;
			buildSettings = {
				ALWAYS_EMBED_SWIFT_STANDARD_LIBRARIES = YES;
				BUNDLE_LOADER = "$(TEST_HOST)";
				CODE_SIGN_STYLE = Automatic;
				CURRENT_PROJECT_VERSION = 1;
				GENERATE_INFOPLIST_FILE = YES;
				IPHONEOS_DEPLOYMENT_TARGET = 15.2;
				MARKETING_VERSION = 1.0;
				PRODUCT_BUNDLE_IDENTIFIER = com.IvanKorniienko2.MusicByLocationTests;
				PRODUCT_NAME = "$(TARGET_NAME)";
				SWIFT_EMIT_LOC_STRINGS = NO;
				SWIFT_VERSION = 5.0;
				TARGETED_DEVICE_FAMILY = "1,2";
				TEST_HOST = "$(BUILT_PRODUCTS_DIR)/MusicByLocation.app/MusicByLocation";
			};
			name = Debug;
		};
		432BD4BF29B202E000F1A30C /* Release */ = {
			isa = XCBuildConfiguration;
			buildSettings = {
				ALWAYS_EMBED_SWIFT_STANDARD_LIBRARIES = YES;
				BUNDLE_LOADER = "$(TEST_HOST)";
				CODE_SIGN_STYLE = Automatic;
				CURRENT_PROJECT_VERSION = 1;
				GENERATE_INFOPLIST_FILE = YES;
				IPHONEOS_DEPLOYMENT_TARGET = 15.2;
				MARKETING_VERSION = 1.0;
				PRODUCT_BUNDLE_IDENTIFIER = com.IvanKorniienko2.MusicByLocationTests;
				PRODUCT_NAME = "$(TARGET_NAME)";
				SWIFT_EMIT_LOC_STRINGS = NO;
				SWIFT_VERSION = 5.0;
				TARGETED_DEVICE_FAMILY = "1,2";
				TEST_HOST = "$(BUILT_PRODUCTS_DIR)/MusicByLocation.app/MusicByLocation";
			};
			name = Release;
		};
		432BD4C129B202E000F1A30C /* Debug */ = {
			isa = XCBuildConfiguration;
			buildSettings = {
				ALWAYS_EMBED_SWIFT_STANDARD_LIBRARIES = YES;
				CODE_SIGN_STYLE = Automatic;
				CURRENT_PROJECT_VERSION = 1;
				GENERATE_INFOPLIST_FILE = YES;
				MARKETING_VERSION = 1.0;
				PRODUCT_BUNDLE_IDENTIFIER = com.IvanKorniienko2.MusicByLocationUITests;
				PRODUCT_NAME = "$(TARGET_NAME)";
				SWIFT_EMIT_LOC_STRINGS = NO;
				SWIFT_VERSION = 5.0;
				TARGETED_DEVICE_FAMILY = "1,2";
				TEST_TARGET_NAME = MusicByLocation;
			};
			name = Debug;
		};
		432BD4C229B202E000F1A30C /* Release */ = {
			isa = XCBuildConfiguration;
			buildSettings = {
				ALWAYS_EMBED_SWIFT_STANDARD_LIBRARIES = YES;
				CODE_SIGN_STYLE = Automatic;
				CURRENT_PROJECT_VERSION = 1;
				GENERATE_INFOPLIST_FILE = YES;
				MARKETING_VERSION = 1.0;
				PRODUCT_BUNDLE_IDENTIFIER = com.IvanKorniienko2.MusicByLocationUITests;
				PRODUCT_NAME = "$(TARGET_NAME)";
				SWIFT_EMIT_LOC_STRINGS = NO;
				SWIFT_VERSION = 5.0;
				TARGETED_DEVICE_FAMILY = "1,2";
				TEST_TARGET_NAME = MusicByLocation;
			};
			name = Release;
		};
/* End XCBuildConfiguration section */

/* Begin XCConfigurationList section */
		432BD49129B202DD00F1A30C /* Build configuration list for PBXProject "MusicByLocation" */ = {
			isa = XCConfigurationList;
			buildConfigurations = (
				432BD4B829B202E000F1A30C /* Debug */,
				432BD4B929B202E000F1A30C /* Release */,
			);
			defaultConfigurationIsVisible = 0;
			defaultConfigurationName = Release;
		};
		432BD4BA29B202E000F1A30C /* Build configuration list for PBXNativeTarget "MusicByLocation" */ = {
			isa = XCConfigurationList;
			buildConfigurations = (
				432BD4BB29B202E000F1A30C /* Debug */,
				432BD4BC29B202E000F1A30C /* Release */,
			);
			defaultConfigurationIsVisible = 0;
			defaultConfigurationName = Release;
		};
		432BD4BD29B202E000F1A30C /* Build configuration list for PBXNativeTarget "MusicByLocationTests" */ = {
			isa = XCConfigurationList;
			buildConfigurations = (
				432BD4BE29B202E000F1A30C /* Debug */,
				432BD4BF29B202E000F1A30C /* Release */,
			);
			defaultConfigurationIsVisible = 0;
			defaultConfigurationName = Release;
		};
		432BD4C029B202E000F1A30C /* Build configuration list for PBXNativeTarget "MusicByLocationUITests" */ = {
			isa = XCConfigurationList;
			buildConfigurations = (
				432BD4C129B202E000F1A30C /* Debug */,
				432BD4C229B202E000F1A30C /* Release */,
			);
			defaultConfigurationIsVisible = 0;
			defaultConfigurationName = Release;
		};
/* End XCConfigurationList section */
	};
	rootObject = 432BD48E29B202DD00F1A30C /* Project object */;
}
